
Microsoft Visual Studio Solution File, Format Version 12.00
# Visual Studio Version 17
VisualStudioVersion = 17.14.36616.10
MinimumVisualStudioVersion = 10.0.40219.1
Project("{FAE04EC0-301F-11D3-BF4B-00C04F79EFBC}") = "HinataAuth", "HinataAuth.csproj", "{231A92C0-37E4-57AC-9715-3C39C928C256}"
EndProject
Project("{FAE04EC0-301F-11D3-BF4B-00C04F79EFBC}") = "HinataAuth.Tests", "HinataAuth.Tests\HinataAuth.Tests.csproj", "{572A8C76-3DAE-4832-92BF-4A8D6571D5CE}"
EndProject
Global
	GlobalSection(SolutionConfigurationPlatforms) = preSolution
		Debug|Any CPU = Debug|Any CPU
		Debug|x64 = Debug|x64
		Debug|x86 = Debug|x86
		Release|Any CPU = Release|Any CPU
		Release|x64 = Release|x64
		Release|x86 = Release|x86
	EndGlobalSection
	GlobalSection(ProjectConfigurationPlatforms) = postSolution
		{231A92C0-37E4-57AC-9715-3C39C928C256}.Debug|Any CPU.ActiveCfg = Debug|Any CPU
		{231A92C0-37E4-57AC-9715-3C39C928C256}.Debug|Any CPU.Build.0 = Debug|Any CPU
		{231A92C0-37E4-57AC-9715-3C39C928C256}.Debug|x64.ActiveCfg = Debug|Any CPU
		{231A92C0-37E4-57AC-9715-3C39C928C256}.Debug|x64.Build.0 = Debug|Any CPU
		{231A92C0-37E4-57AC-9715-3C39C928C256}.Debug|x86.ActiveCfg = Debug|Any CPU
		{231A92C0-37E4-57AC-9715-3C39C928C256}.Debug|x86.Build.0 = Debug|Any CPU
		{231A92C0-37E4-57AC-9715-3C39C928C256}.Release|Any CPU.ActiveCfg = Release|Any CPU
		{231A92C0-37E4-57AC-9715-3C39C928C256}.Release|Any CPU.Build.0 = Release|Any CPU
		{231A92C0-37E4-57AC-9715-3C39C928C256}.Release|x64.ActiveCfg = Release|Any CPU
		{231A92C0-37E4-57AC-9715-3C39C928C256}.Release|x64.Build.0 = Release|Any CPU
		{231A92C0-37E4-57AC-9715-3C39C928C256}.Release|x86.ActiveCfg = Release|Any CPU
		{231A92C0-37E4-57AC-9715-3C39C928C256}.Release|x86.Build.0 = Release|Any CPU
		{572A8C76-3DAE-4832-92BF-4A8D6571D5CE}.Debug|Any CPU.ActiveCfg = Debug|Any CPU
		{572A8C76-3DAE-4832-92BF-4A8D6571D5CE}.Debug|Any CPU.Build.0 = Debug|Any CPU
		{572A8C76-3DAE-4832-92BF-4A8D6571D5CE}.Debug|x64.ActiveCfg = Debug|Any CPU
		{572A8C76-3DAE-4832-92BF-4A8D6571D5CE}.Debug|x64.Build.0 = Debug|Any CPU
		{572A8C76-3DAE-4832-92BF-4A8D6571D5CE}.Debug|x86.ActiveCfg = Debug|Any CPU
		{572A8C76-3DAE-4832-92BF-4A8D6571D5CE}.Debug|x86.Build.0 = Debug|Any CPU
		{572A8C76-3DAE-4832-92BF-4A8D6571D5CE}.Release|Any CPU.ActiveCfg = Release|Any CPU
		{572A8C76-3DAE-4832-92BF-4A8D6571D5CE}.Release|Any CPU.Build.0 = Release|Any CPU
		{572A8C76-3DAE-4832-92BF-4A8D6571D5CE}.Release|x64.ActiveCfg = Release|Any CPU
		{572A8C76-3DAE-4832-92BF-4A8D6571D5CE}.Release|x64.Build.0 = Release|Any CPU
		{572A8C76-3DAE-4832-92BF-4A8D6571D5CE}.Release|x86.ActiveCfg = Release|Any CPU
		{572A8C76-3DAE-4832-92BF-4A8D6571D5CE}.Release|x86.Build.0 = Release|Any CPU
	EndGlobalSection
	GlobalSection(SolutionProperties) = preSolution
		HideSolutionNode = FALSE
	EndGlobalSection
	GlobalSection(ExtensibilityGlobals) = postSolution
		SolutionGuid = {996E0553-60DB-419D-9C91-5413604D36E9}
	EndGlobalSection
EndGlobal
